
Microsoft Visual Studio Solution File, Format Version 12.00
# Visual Studio Version 16
VisualStudioVersion = 16.0.31911.196
MinimumVisualStudioVersion = 10.0.40219.1
Project("{28b81623-3373-4e47-a9f8-ecc20c6be334}") = "EnclosedSpace", "EnclosedSpace.csproj", "{9e8604d8-a699-4565-991c-6133fb251577}"
EndProject
Global
	GlobalSection(SolutionConfigurationPlatforms) = preSolution
		Debug|Any CPU = Debug|Any CPU
		Release|Any CPU = Release|Any CPU
	EndGlobalSection
	GlobalSection(ProjectConfigurationPlatforms) = postSolution
		{9e8604d8-a699-4565-991c-6133fb251577}.Debug|Any CPU.ActiveCfg = Debug|Any CPU
		{9e8604d8-a699-4565-991c-6133fb251577}.Debug|Any CPU.Build.0 = Debug|Any CPU
		{9e8604d8-a699-4565-991c-6133fb251577}.Release|Any CPU.ActiveCfg = Release|Any CPU
		{9e8604d8-a699-4565-991c-6133fb251577}.Release|Any CPU.Build.0 = Release|Any CPU
	EndGlobalSection
	GlobalSection(SolutionProperties) = preSolution
		HideSolutionNode = FALSE
	EndGlobalSection
	GlobalSection(ExtensibilityGlobals) = postSolution
		SolutionGuid = {66D70B6C-23A1-4694-8A79-35798F465106}
	EndGlobalSection
EndGlobal
